
Microsoft Visual Studio Solution File, Format Version 12.00
# Visual Studio Version 17
VisualStudioVersion = 17.2.32526.322
MinimumVisualStudioVersion = 10.0.40219.1
Project("{FAE04EC0-301F-11D3-BF4B-00C04F79EFBC}") = "longtooth.Android", "longtooth\longtooth.Android\longtooth.Android.csproj", "{4CBA98CC-A858-406D-BC85-799F0B35E0B1}"
EndProject
Project("{9A19103F-16F7-4668-BE54-9A1E7A4F7556}") = "longtooth", "longtooth\longtooth\longtooth.csproj", "{62A7343B-C6FB-4947-8B5E-8A0CDE94C862}"
EndProject
Project("{9A19103F-16F7-4668-BE54-9A1E7A4F7556}") = "longtooth.Server.Abstractions", "longtooth.Server.Abstractions\longtooth.Server.Abstractions.csproj", "{20D0C8C0-F105-4A58-9D6C-60EE9B4AEFE4}"
EndProject
Project("{9A19103F-16F7-4668-BE54-9A1E7A4F7556}") = "longtooth.Server.Implementations", "longtooth.Server.Implementations\longtooth.Server.Implementations.csproj", "{0F4270F0-711D-4544-9846-C14BA51A7242}"
EndProject
Project("{9A19103F-16F7-4668-BE54-9A1E7A4F7556}") = "longtooth.Desktop", "longtooth.Desktop\longtooth.Desktop.csproj", "{F1EA00A7-F2C0-4DD4-B72E-93F732A8425E}"
EndProject
Project("{9A19103F-16F7-4668-BE54-9A1E7A4F7556}") = "longtooth.Client.Abstractions", "longtooth.Client.Abstractions\longtooth.Client.Abstractions.csproj", "{9239ACE3-853F-4FE4-9DD5-D53EA494C188}"
EndProject
Project("{9A19103F-16F7-4668-BE54-9A1E7A4F7556}") = "longtooth.Client.Implementations", "longtooth.Client.Implementations\longtooth.Client.Implementations.csproj", "{AC108FC2-7653-4055-9113-6716A31615CA}"
EndProject
Project("{9A19103F-16F7-4668-BE54-9A1E7A4F7556}") = "longtooth.Common.Abstractions", "longtooth.Common.Abstractions\longtooth.Common.Abstractions.csproj", "{A8446E21-B2D8-4798-BA71-5F55CB6AA464}"
EndProject
Project("{9A19103F-16F7-4668-BE54-9A1E7A4F7556}") = "longtooth.Common.Implementations", "longtooth.Common.Implementations\longtooth.Common.Implementations.csproj", "{6756AAB9-06B8-4B9F-905D-D74A05D4CEBD}"
EndProject
Project("{FAE04EC0-301F-11D3-BF4B-00C04F79EFBC}") = "longtooth.Protocol.Abstractions", "longtooth.Protocol.Abstractions\longtooth.Protocol.Abstractions.csproj", "{59DCFA75-CCC3-4E33-AACD-27C4C71A350A}"
EndProject
Project("{FAE04EC0-301F-11D3-BF4B-00C04F79EFBC}") = "longtooth.Protocol.Implementations", "longtooth.Protocol.Implementations\longtooth.Protocol.Implementations.csproj", "{0F20C7EC-ECF0-4602-820D-FE70A926603D}"
EndProject
Global
	GlobalSection(SolutionConfigurationPlatforms) = preSolution
		Debug|Any CPU = Debug|Any CPU
		Release|Any CPU = Release|Any CPU
	EndGlobalSection
	GlobalSection(ProjectConfigurationPlatforms) = postSolution
		{4CBA98CC-A858-406D-BC85-799F0B35E0B1}.Debug|Any CPU.ActiveCfg = Debug|Any CPU
		{4CBA98CC-A858-406D-BC85-799F0B35E0B1}.Debug|Any CPU.Build.0 = Debug|Any CPU
		{4CBA98CC-A858-406D-BC85-799F0B35E0B1}.Debug|Any CPU.Deploy.0 = Debug|Any CPU
		{4CBA98CC-A858-406D-BC85-799F0B35E0B1}.Release|Any CPU.ActiveCfg = Release|Any CPU
		{4CBA98CC-A858-406D-BC85-799F0B35E0B1}.Release|Any CPU.Build.0 = Release|Any CPU
		{4CBA98CC-A858-406D-BC85-799F0B35E0B1}.Release|Any CPU.Deploy.0 = Release|Any CPU
		{62A7343B-C6FB-4947-8B5E-8A0CDE94C862}.Debug|Any CPU.ActiveCfg = Debug|Any CPU
		{62A7343B-C6FB-4947-8B5E-8A0CDE94C862}.Debug|Any CPU.Build.0 = Debug|Any CPU
		{62A7343B-C6FB-4947-8B5E-8A0CDE94C862}.Debug|Any CPU.Deploy.0 = Debug|Any CPU
		{62A7343B-C6FB-4947-8B5E-8A0CDE94C862}.Release|Any CPU.ActiveCfg = Release|Any CPU
		{62A7343B-C6FB-4947-8B5E-8A0CDE94C862}.Release|Any CPU.Build.0 = Release|Any CPU
		{62A7343B-C6FB-4947-8B5E-8A0CDE94C862}.Release|Any CPU.Deploy.0 = Release|Any CPU
		{20D0C8C0-F105-4A58-9D6C-60EE9B4AEFE4}.Debug|Any CPU.ActiveCfg = Debug|Any CPU
		{20D0C8C0-F105-4A58-9D6C-60EE9B4AEFE4}.Debug|Any CPU.Build.0 = Debug|Any CPU
		{20D0C8C0-F105-4A58-9D6C-60EE9B4AEFE4}.Release|Any CPU.ActiveCfg = Release|Any CPU
		{20D0C8C0-F105-4A58-9D6C-60EE9B4AEFE4}.Release|Any CPU.Build.0 = Release|Any CPU
		{0F4270F0-711D-4544-9846-C14BA51A7242}.Debug|Any CPU.ActiveCfg = Debug|Any CPU
		{0F4270F0-711D-4544-9846-C14BA51A7242}.Debug|Any CPU.Build.0 = Debug|Any CPU
		{0F4270F0-711D-4544-9846-C14BA51A7242}.Release|Any CPU.ActiveCfg = Release|Any CPU
		{0F4270F0-711D-4544-9846-C14BA51A7242}.Release|Any CPU.Build.0 = Release|Any CPU
		{F1EA00A7-F2C0-4DD4-B72E-93F732A8425E}.Debug|Any CPU.ActiveCfg = Debug|Any CPU
		{F1EA00A7-F2C0-4DD4-B72E-93F732A8425E}.Debug|Any CPU.Build.0 = Debug|Any CPU
		{F1EA00A7-F2C0-4DD4-B72E-93F732A8425E}.Release|Any CPU.ActiveCfg = Release|Any CPU
		{F1EA00A7-F2C0-4DD4-B72E-93F732A8425E}.Release|Any CPU.Build.0 = Release|Any CPU
		{9239ACE3-853F-4FE4-9DD5-D53EA494C188}.Debug|Any CPU.ActiveCfg = Debug|Any CPU
		{9239ACE3-853F-4FE4-9DD5-D53EA494C188}.Debug|Any CPU.Build.0 = Debug|Any CPU
		{9239ACE3-853F-4FE4-9DD5-D53EA494C188}.Release|Any CPU.ActiveCfg = Release|Any CPU
		{9239ACE3-853F-4FE4-9DD5-D53EA494C188}.Release|Any CPU.Build.0 = Release|Any CPU
		{AC108FC2-7653-4055-9113-6716A31615CA}.Debug|Any CPU.ActiveCfg = Debug|Any CPU
		{AC108FC2-7653-4055-9113-6716A31615CA}.Debug|Any CPU.Build.0 = Debug|Any CPU
		{AC108FC2-7653-4055-9113-6716A31615CA}.Release|Any CPU.ActiveCfg = Release|Any CPU
		{AC108FC2-7653-4055-9113-6716A31615CA}.Release|Any CPU.Build.0 = Release|Any CPU
		{A8446E21-B2D8-4798-BA71-5F55CB6AA464}.Debug|Any CPU.ActiveCfg = Debug|Any CPU
		{A8446E21-B2D8-4798-BA71-5F55CB6AA464}.Debug|Any CPU.Build.0 = Debug|Any CPU
		{A8446E21-B2D8-4798-BA71-5F55CB6AA464}.Release|Any CPU.ActiveCfg = Release|Any CPU
		{A8446E21-B2D8-4798-BA71-5F55CB6AA464}.Release|Any CPU.Build.0 = Release|Any CPU
		{6756AAB9-06B8-4B9F-905D-D74A05D4CEBD}.Debug|Any CPU.ActiveCfg = Debug|Any CPU
		{6756AAB9-06B8-4B9F-905D-D74A05D4CEBD}.Debug|Any CPU.Build.0 = Debug|Any CPU
		{6756AAB9-06B8-4B9F-905D-D74A05D4CEBD}.Release|Any CPU.ActiveCfg = Release|Any CPU
		{6756AAB9-06B8-4B9F-905D-D74A05D4CEBD}.Release|Any CPU.Build.0 = Release|Any CPU
		{59DCFA75-CCC3-4E33-AACD-27C4C71A350A}.Debug|Any CPU.ActiveCfg = Debug|Any CPU
		{59DCFA75-CCC3-4E33-AACD-27C4C71A350A}.Debug|Any CPU.Build.0 = Debug|Any CPU
		{59DCFA75-CCC3-4E33-AACD-27C4C71A350A}.Release|Any CPU.ActiveCfg = Release|Any CPU
		{59DCFA75-CCC3-4E33-AACD-27C4C71A350A}.Release|Any CPU.Build.0 = Release|Any CPU
		{0F20C7EC-ECF0-4602-820D-FE70A926603D}.Debug|Any CPU.ActiveCfg = Debug|Any CPU
		{0F20C7EC-ECF0-4602-820D-FE70A926603D}.Debug|Any CPU.Build.0 = Debug|Any CPU
		{0F20C7EC-ECF0-4602-820D-FE70A926603D}.Release|Any CPU.ActiveCfg = Release|Any CPU
		{0F20C7EC-ECF0-4602-820D-FE70A926603D}.Release|Any CPU.Build.0 = Release|Any CPU
	EndGlobalSection
	GlobalSection(SolutionProperties) = preSolution
		HideSolutionNode = FALSE
	EndGlobalSection
	GlobalSection(ExtensibilityGlobals) = postSolution
		SolutionGuid = {57475BF3-F807-4D67-8599-3DE5992FA33C}
	EndGlobalSection
EndGlobal
